<Solution>
  <Project Path="Ecommerce.API/Ecommerce.API.csproj" />
  <Project Path="Ecommerce.Data/Ecommerce.Data.csproj" />
  <Project Path="Ecommerce.Models/Ecommerce.Models.csproj" />
  <Project Path="Ecommerce.Repositories/Ecommerce.Repositories.csproj" />
  <Project Path="Ecommerce.Services/Ecommerce.Services.csproj" />
</Solution>
